{
  "version": 4,
  "terraform_version": "1.6.2",
  "serial": 5,
  "lineage": "552eb330-e47d-8eef-ba4a-63c7738d23cc",
  "outputs": {
    "remote_url": {
      "value": "https://github.com/ThanMan8/Azure_Github_data_factory.git",
      "type": "string"
    }
  },
  "resources": [
    {
      "mode": "managed",
      "type": "github_branch",
      "name": "main",
      "provider": "provider[\"registry.terraform.io/integrations/github\"]",
      "instances": [
        {
          "schema_version": 0,
          "attributes": {
            "branch": "main",
            "etag": "W/\"5c7275c8a17295846b9c5f772fa2459a85b86037d151818dcf97c9c7a100fdac\"",
            "id": "Azure_Github_data_factory:main",
            "ref": "refs/heads/main",
            "repository": "Azure_Github_data_factory",
            "sha": "a20653f6e2cc1af199f0315f76132d290e86d6f9",
            "source_branch": "main",
            "source_sha": "b90e4b251a9286cd80516209a324490677499725"
          },
          "sensitive_attributes": [],
          "private": "bnVsbA==",
          "dependencies": [
            "github_repository.main"
          ]
        }
      ]
    },
    {
      "mode": "managed",
      "type": "github_branch_default",
      "name": "default",
      "provider": "provider[\"registry.terraform.io/integrations/github\"]",
      "instances": [
        {
          "schema_version": 0,
          "attributes": {
            "branch": "main",
            "etag": "W/\"5aca03f6525e59807c0a82e84f114d6dcc9711407e5823d6fd08c6b841ec7433\"",
            "id": "Azure_Github_data_factory",
            "rename": false,
            "repository": "Azure_Github_data_factory"
          },
          "sensitive_attributes": [],
          "private": "bnVsbA==",
          "dependencies": [
            "github_branch.main",
            "github_repository.main"
          ]
        }
      ]
    },
    {
      "mode": "managed",
      "type": "github_repository",
      "name": "main",
      "provider": "provider[\"registry.terraform.io/integrations/github\"]",
      "instances": [
        {
          "schema_version": 1,
          "attributes": {
            "allow_auto_merge": false,
            "allow_merge_commit": true,
            "allow_rebase_merge": true,
            "allow_squash_merge": true,
            "allow_update_branch": false,
            "archive_on_destroy": null,
            "archived": false,
            "auto_init": true,
            "default_branch": "main",
            "delete_branch_on_merge": false,
            "description": "Terraform azure github actions",
            "etag": "W/\"5aca03f6525e59807c0a82e84f114d6dcc9711407e5823d6fd08c6b841ec7433\"",
            "full_name": "ThanMan8/Azure_Github_data_factory",
            "git_clone_url": "git://github.com/ThanMan8/Azure_Github_data_factory.git",
            "gitignore_template": "Terraform",
            "has_discussions": false,
            "has_downloads": false,
            "has_issues": false,
            "has_projects": false,
            "has_wiki": false,
            "homepage_url": "",
            "html_url": "https://github.com/ThanMan8/Azure_Github_data_factory",
            "http_clone_url": "https://github.com/ThanMan8/Azure_Github_data_factory.git",
            "id": "Azure_Github_data_factory",
            "ignore_vulnerability_alerts_during_read": null,
            "is_template": false,
            "license_template": null,
            "merge_commit_message": "PR_TITLE",
            "merge_commit_title": "MERGE_MESSAGE",
            "name": "Azure_Github_data_factory",
            "node_id": "R_kgDONH-qOQ",
            "pages": [],
            "primary_language": "",
            "private": false,
            "repo_id": 880781881,
            "security_and_analysis": [
              {
                "advanced_security": [],
                "secret_scanning": [
                  {
                    "status": "enabled"
                  }
                ],
                "secret_scanning_push_protection": [
                  {
                    "status": "enabled"
                  }
                ]
              }
            ],
            "squash_merge_commit_message": "COMMIT_MESSAGES",
            "squash_merge_commit_title": "COMMIT_OR_PR_TITLE",
            "ssh_clone_url": "git@github.com:ThanMan8/Azure_Github_data_factory.git",
            "svn_url": "https://github.com/ThanMan8/Azure_Github_data_factory",
            "template": [],
            "topics": [],
            "visibility": "public",
            "vulnerability_alerts": false,
            "web_commit_signoff_required": false
          },
          "sensitive_attributes": [],
          "private": "eyJzY2hlbWFfdmVyc2lvbiI6IjEifQ=="
        }
      ]
    }
  ],
  "check_results": null
}
